
Microsoft Visual Studio Solution File, Format Version 12.00
# Visual Studio 14
VisualStudioVersion = 14.0.25420.1
MinimumVisualStudioVersion = 10.0.40219.1
Project("{FAE04EC0-301F-11D3-BF4B-00C04F79EFBC}") = "RESTPlayground01", "RESTPlayground01\RESTPlayground01.csproj", "{DEE2C2DF-F653-4161-A4B8-416CBD3B0A2A}"
EndProject
Project("{FAE04EC0-301F-11D3-BF4B-00C04F79EFBC}") = "RESTPlayground01.Tests", "RESTPlayground01.Tests\RESTPlayground01.Tests.csproj", "{DB0DE9E1-883A-48AD-805E-883FF0426896}"
EndProject
Project("{FAE04EC0-301F-11D3-BF4B-00C04F79EFBC}") = "RESTPlayground01.Core", "RESTPlayground01.Core\RESTPlayground01.Core.csproj", "{62419CD7-74E1-44EA-A1A4-23B873598F24}"
EndProject
Project("{FAE04EC0-301F-11D3-BF4B-00C04F79EFBC}") = "RESTPlayground01.IntegrationTests", "RESTPlayground01.IntegrationTests\RESTPlayground01.IntegrationTests.csproj", "{1D5CEE67-F53E-48A5-A3E6-02556B55CF84}"
EndProject
Global
	GlobalSection(SolutionConfigurationPlatforms) = preSolution
		Debug|Any CPU = Debug|Any CPU
		Release|Any CPU = Release|Any CPU
	EndGlobalSection
	GlobalSection(ProjectConfigurationPlatforms) = postSolution
		{DEE2C2DF-F653-4161-A4B8-416CBD3B0A2A}.Debug|Any CPU.ActiveCfg = Debug|Any CPU
		{DEE2C2DF-F653-4161-A4B8-416CBD3B0A2A}.Debug|Any CPU.Build.0 = Debug|Any CPU
		{DEE2C2DF-F653-4161-A4B8-416CBD3B0A2A}.Release|Any CPU.ActiveCfg = Release|Any CPU
		{DEE2C2DF-F653-4161-A4B8-416CBD3B0A2A}.Release|Any CPU.Build.0 = Release|Any CPU
		{DB0DE9E1-883A-48AD-805E-883FF0426896}.Debug|Any CPU.ActiveCfg = Debug|Any CPU
		{DB0DE9E1-883A-48AD-805E-883FF0426896}.Debug|Any CPU.Build.0 = Debug|Any CPU
		{DB0DE9E1-883A-48AD-805E-883FF0426896}.Release|Any CPU.ActiveCfg = Release|Any CPU
		{DB0DE9E1-883A-48AD-805E-883FF0426896}.Release|Any CPU.Build.0 = Release|Any CPU
		{62419CD7-74E1-44EA-A1A4-23B873598F24}.Debug|Any CPU.ActiveCfg = Debug|Any CPU
		{62419CD7-74E1-44EA-A1A4-23B873598F24}.Debug|Any CPU.Build.0 = Debug|Any CPU
		{62419CD7-74E1-44EA-A1A4-23B873598F24}.Release|Any CPU.ActiveCfg = Release|Any CPU
		{62419CD7-74E1-44EA-A1A4-23B873598F24}.Release|Any CPU.Build.0 = Release|Any CPU
		{1D5CEE67-F53E-48A5-A3E6-02556B55CF84}.Debug|Any CPU.ActiveCfg = Debug|Any CPU
		{1D5CEE67-F53E-48A5-A3E6-02556B55CF84}.Debug|Any CPU.Build.0 = Debug|Any CPU
		{1D5CEE67-F53E-48A5-A3E6-02556B55CF84}.Release|Any CPU.ActiveCfg = Release|Any CPU
		{1D5CEE67-F53E-48A5-A3E6-02556B55CF84}.Release|Any CPU.Build.0 = Release|Any CPU
	EndGlobalSection
	GlobalSection(SolutionProperties) = preSolution
		HideSolutionNode = FALSE
	EndGlobalSection
EndGlobal
